
Microsoft Visual Studio Solution File, Format Version 12.00
# Visual Studio Version 17
VisualStudioVersion = 17.0.32112.339
MinimumVisualStudioVersion = 10.0.40219.1
Project("{FAE04EC0-301F-11D3-BF4B-00C04F79EFBC}") = "Thesaurus", "Thesaurus\Thesaurus.csproj", "{287CEC1A-2E4D-4B1C-8730-515409E146E7}"
EndProject
Global
	GlobalSection(SolutionConfigurationPlatforms) = preSolution
		Debug|Any CPU = Debug|Any CPU
		Debug|x64 = Debug|x64
		Release|Any CPU = Release|Any CPU
		Release|x64 = Release|x64
	EndGlobalSection
	GlobalSection(ProjectConfigurationPlatforms) = postSolution
		{287CEC1A-2E4D-4B1C-8730-515409E146E7}.Debug|Any CPU.ActiveCfg = Debug|Any CPU
		{287CEC1A-2E4D-4B1C-8730-515409E146E7}.Debug|Any CPU.Build.0 = Debug|Any CPU
		{287CEC1A-2E4D-4B1C-8730-515409E146E7}.Debug|x64.ActiveCfg = Debug|x64
		{287CEC1A-2E4D-4B1C-8730-515409E146E7}.Debug|x64.Build.0 = Debug|x64
		{287CEC1A-2E4D-4B1C-8730-515409E146E7}.Release|Any CPU.ActiveCfg = Release|Any CPU
		{287CEC1A-2E4D-4B1C-8730-515409E146E7}.Release|Any CPU.Build.0 = Release|Any CPU
		{287CEC1A-2E4D-4B1C-8730-515409E146E7}.Release|x64.ActiveCfg = Release|x64
		{287CEC1A-2E4D-4B1C-8730-515409E146E7}.Release|x64.Build.0 = Release|x64
	EndGlobalSection
	GlobalSection(SolutionProperties) = preSolution
		HideSolutionNode = FALSE
	EndGlobalSection
	GlobalSection(ExtensibilityGlobals) = postSolution
		SolutionGuid = {70A02046-3469-464E-9423-B33C188ACF65}
	EndGlobalSection
EndGlobal
